
Microsoft Visual Studio Solution File, Format Version 12.00
# Visual Studio Version 16
VisualStudioVersion = 16.0.29403.142
MinimumVisualStudioVersion = 10.0.40219.1
Project("{FAE04EC0-301F-11D3-BF4B-00C04F79EFBC}") = "Mvc_Imagem", "Mvc_Imagem\Mvc_Imagem.csproj", "{2790D1ED-70B6-4ECD-B437-F669488B15B2}"
EndProject
Global
	GlobalSection(SolutionConfigurationPlatforms) = preSolution
		Debug|Any CPU = Debug|Any CPU
		Release|Any CPU = Release|Any CPU
	EndGlobalSection
	GlobalSection(ProjectConfigurationPlatforms) = postSolution
		{2790D1ED-70B6-4ECD-B437-F669488B15B2}.Debug|Any CPU.ActiveCfg = Debug|Any CPU
		{2790D1ED-70B6-4ECD-B437-F669488B15B2}.Debug|Any CPU.Build.0 = Debug|Any CPU
		{2790D1ED-70B6-4ECD-B437-F669488B15B2}.Release|Any CPU.ActiveCfg = Release|Any CPU
		{2790D1ED-70B6-4ECD-B437-F669488B15B2}.Release|Any CPU.Build.0 = Release|Any CPU
	EndGlobalSection
	GlobalSection(SolutionProperties) = preSolution
		HideSolutionNode = FALSE
	EndGlobalSection
	GlobalSection(ExtensibilityGlobals) = postSolution
		SolutionGuid = {B7A441B3-F826-46B7-9A66-6319CD76B46B}
	EndGlobalSection
EndGlobal
